
Microsoft Visual Studio Solution File, Format Version 12.00
# Visual Studio Version 17
VisualStudioVersion = 17.2.32602.215
MinimumVisualStudioVersion = 10.0.40219.1
Project("{FAE04EC0-301F-11D3-BF4B-00C04F79EFBC}") = "PMP2T2_4.Android", "PMP2T2_4.Android\PMP2T2_4.Android.csproj", "{7A3F4BB6-67CD-4D3F-9A17-6788A903C71B}"
EndProject
Project("{FAE04EC0-301F-11D3-BF4B-00C04F79EFBC}") = "PMP2T2_4", "PMP2T2_4\PMP2T2_4.csproj", "{990FF31F-B4AB-4CDE-9EC8-EB56B935B62E}"
EndProject
Global
	GlobalSection(SolutionConfigurationPlatforms) = preSolution
		Debug|Any CPU = Debug|Any CPU
		Release|Any CPU = Release|Any CPU
	EndGlobalSection
	GlobalSection(ProjectConfigurationPlatforms) = postSolution
		{7A3F4BB6-67CD-4D3F-9A17-6788A903C71B}.Debug|Any CPU.ActiveCfg = Debug|Any CPU
		{7A3F4BB6-67CD-4D3F-9A17-6788A903C71B}.Debug|Any CPU.Build.0 = Debug|Any CPU
		{7A3F4BB6-67CD-4D3F-9A17-6788A903C71B}.Debug|Any CPU.Deploy.0 = Debug|Any CPU
		{7A3F4BB6-67CD-4D3F-9A17-6788A903C71B}.Release|Any CPU.ActiveCfg = Release|Any CPU
		{7A3F4BB6-67CD-4D3F-9A17-6788A903C71B}.Release|Any CPU.Build.0 = Release|Any CPU
		{7A3F4BB6-67CD-4D3F-9A17-6788A903C71B}.Release|Any CPU.Deploy.0 = Release|Any CPU
		{990FF31F-B4AB-4CDE-9EC8-EB56B935B62E}.Debug|Any CPU.ActiveCfg = Debug|Any CPU
		{990FF31F-B4AB-4CDE-9EC8-EB56B935B62E}.Debug|Any CPU.Build.0 = Debug|Any CPU
		{990FF31F-B4AB-4CDE-9EC8-EB56B935B62E}.Debug|Any CPU.Deploy.0 = Debug|Any CPU
		{990FF31F-B4AB-4CDE-9EC8-EB56B935B62E}.Release|Any CPU.ActiveCfg = Release|Any CPU
		{990FF31F-B4AB-4CDE-9EC8-EB56B935B62E}.Release|Any CPU.Build.0 = Release|Any CPU
		{990FF31F-B4AB-4CDE-9EC8-EB56B935B62E}.Release|Any CPU.Deploy.0 = Release|Any CPU
	EndGlobalSection
	GlobalSection(SolutionProperties) = preSolution
		HideSolutionNode = FALSE
	EndGlobalSection
	GlobalSection(ExtensibilityGlobals) = postSolution
		SolutionGuid = {5F3FDEC2-1B25-43CB-BCBE-65B812ECD122}
	EndGlobalSection
EndGlobal
